
Microsoft Visual Studio Solution File, Format Version 12.00
# Visual Studio Version 17
VisualStudioVersion = 17.11.35222.181
MinimumVisualStudioVersion = 10.0.40219.1
Project("{FAE04EC0-301F-11D3-BF4B-00C04F79EFBC}") = "MVC CRUD", "MVC CRUD\MVC CRUD.csproj", "{F961B89D-143B-4AA2-966F-995816DB566B}"
EndProject
Global
	GlobalSection(SolutionConfigurationPlatforms) = preSolution
		Debug|Any CPU = Debug|Any CPU
		Release|Any CPU = Release|Any CPU
	EndGlobalSection
	GlobalSection(ProjectConfigurationPlatforms) = postSolution
		{F961B89D-143B-4AA2-966F-995816DB566B}.Debug|Any CPU.ActiveCfg = Debug|Any CPU
		{F961B89D-143B-4AA2-966F-995816DB566B}.Debug|Any CPU.Build.0 = Debug|Any CPU
		{F961B89D-143B-4AA2-966F-995816DB566B}.Release|Any CPU.ActiveCfg = Release|Any CPU
		{F961B89D-143B-4AA2-966F-995816DB566B}.Release|Any CPU.Build.0 = Release|Any CPU
	EndGlobalSection
	GlobalSection(SolutionProperties) = preSolution
		HideSolutionNode = FALSE
	EndGlobalSection
	GlobalSection(ExtensibilityGlobals) = postSolution
		SolutionGuid = {815DD30A-E8C4-40D3-B60C-CC86FD064314}
	EndGlobalSection
EndGlobal
